
Microsoft Visual Studio Solution File, Format Version 12.00
# Visual Studio Version 17
VisualStudioVersion = 17.5.33530.505
MinimumVisualStudioVersion = 10.0.40219.1
Project("{FAE04EC0-301F-11D3-BF4B-00C04F79EFBC}") = "Server", "Server.csproj", "{A782F334-1C4A-4590-B7D8-633F9ECB2C92}"
EndProject
Project("{FAE04EC0-301F-11D3-BF4B-00C04F79EFBC}") = "Share", "..\Share\Share.csproj", "{2677A7F0-53ED-495E-BA3B-5C54CBC8418D}"
EndProject
Project("{FAE04EC0-301F-11D3-BF4B-00C04F79EFBC}") = "Protocol", "..\Protocol\Protocol.csproj", "{1DC329F6-A4E2-4293-8F96-69532EBAF96E}"
EndProject
Project("{FAE04EC0-301F-11D3-BF4B-00C04F79EFBC}") = "Client", "..\Client\Client.csproj", "{7E4E329E-FCAE-4B45-A073-051F907A2EF9}"
EndProject
Global
	GlobalSection(SolutionConfigurationPlatforms) = preSolution
		Debug|Any CPU = Debug|Any CPU
		Release|Any CPU = Release|Any CPU
	EndGlobalSection
	GlobalSection(ProjectConfigurationPlatforms) = postSolution
		{A782F334-1C4A-4590-B7D8-633F9ECB2C92}.Debug|Any CPU.ActiveCfg = Debug|Any CPU
		{A782F334-1C4A-4590-B7D8-633F9ECB2C92}.Debug|Any CPU.Build.0 = Debug|Any CPU
		{A782F334-1C4A-4590-B7D8-633F9ECB2C92}.Release|Any CPU.ActiveCfg = Release|Any CPU
		{A782F334-1C4A-4590-B7D8-633F9ECB2C92}.Release|Any CPU.Build.0 = Release|Any CPU
		{2677A7F0-53ED-495E-BA3B-5C54CBC8418D}.Debug|Any CPU.ActiveCfg = Debug|Any CPU
		{2677A7F0-53ED-495E-BA3B-5C54CBC8418D}.Debug|Any CPU.Build.0 = Debug|Any CPU
		{2677A7F0-53ED-495E-BA3B-5C54CBC8418D}.Release|Any CPU.ActiveCfg = Release|Any CPU
		{2677A7F0-53ED-495E-BA3B-5C54CBC8418D}.Release|Any CPU.Build.0 = Release|Any CPU
		{1DC329F6-A4E2-4293-8F96-69532EBAF96E}.Debug|Any CPU.ActiveCfg = Debug|Any CPU
		{1DC329F6-A4E2-4293-8F96-69532EBAF96E}.Debug|Any CPU.Build.0 = Debug|Any CPU
		{1DC329F6-A4E2-4293-8F96-69532EBAF96E}.Release|Any CPU.ActiveCfg = Release|Any CPU
		{1DC329F6-A4E2-4293-8F96-69532EBAF96E}.Release|Any CPU.Build.0 = Release|Any CPU
		{7E4E329E-FCAE-4B45-A073-051F907A2EF9}.Debug|Any CPU.ActiveCfg = Debug|Any CPU
		{7E4E329E-FCAE-4B45-A073-051F907A2EF9}.Debug|Any CPU.Build.0 = Debug|Any CPU
		{7E4E329E-FCAE-4B45-A073-051F907A2EF9}.Release|Any CPU.ActiveCfg = Release|Any CPU
		{7E4E329E-FCAE-4B45-A073-051F907A2EF9}.Release|Any CPU.Build.0 = Release|Any CPU
	EndGlobalSection
	GlobalSection(SolutionProperties) = preSolution
		HideSolutionNode = FALSE
	EndGlobalSection
	GlobalSection(ExtensibilityGlobals) = postSolution
		SolutionGuid = {9DFC317A-5EF9-407F-8008-D66A8CD1321F}
	EndGlobalSection
EndGlobal
